
Microsoft Visual Studio Solution File, Format Version 12.00
Project("{FAE04EC0-301F-11D3-BF4B-00C04F79EFBC}") = "Test project git", "Test project git\Test project git.csproj", "{F544C0F7-2AE1-4FDB-9009-71041CC351BA}"
EndProject
Global
	GlobalSection(SolutionConfigurationPlatforms) = preSolution
		Debug|Any CPU = Debug|Any CPU
		Release|Any CPU = Release|Any CPU
	EndGlobalSection
	GlobalSection(ProjectConfigurationPlatforms) = postSolution
		{F544C0F7-2AE1-4FDB-9009-71041CC351BA}.Debug|Any CPU.ActiveCfg = Debug|Any CPU
		{F544C0F7-2AE1-4FDB-9009-71041CC351BA}.Debug|Any CPU.Build.0 = Debug|Any CPU
		{F544C0F7-2AE1-4FDB-9009-71041CC351BA}.Release|Any CPU.ActiveCfg = Release|Any CPU
		{F544C0F7-2AE1-4FDB-9009-71041CC351BA}.Release|Any CPU.Build.0 = Release|Any CPU
	EndGlobalSection
EndGlobal
